
Microsoft Visual Studio Solution File, Format Version 12.00
# Visual Studio 15
VisualStudioVersion = 15.0.28307.572
MinimumVisualStudioVersion = 10.0.40219.1
Project("{E24C65DC-7377-472B-9ABA-BC803B73C61A}") = "CineKalyoncuSon", "CineKalyoncuSon\", "{5B492FE0-B142-4CAC-A49B-78F2AF4713BE}"
	ProjectSection(WebsiteProperties) = preProject
		TargetFrameworkMoniker = ".NETFramework,Version%3Dv4.6.1"
		Debug.AspNetCompiler.VirtualPath = "/localhost_57211"
		Debug.AspNetCompiler.PhysicalPath = "CineKalyoncuSon\"
		Debug.AspNetCompiler.TargetPath = "PrecompiledWeb\localhost_57211\"
		Debug.AspNetCompiler.Updateable = "true"
		Debug.AspNetCompiler.ForceOverwrite = "true"
		Debug.AspNetCompiler.FixedNames = "false"
		Debug.AspNetCompiler.Debug = "True"
		Release.AspNetCompiler.VirtualPath = "/localhost_57211"
		Release.AspNetCompiler.PhysicalPath = "CineKalyoncuSon\"
		Release.AspNetCompiler.TargetPath = "PrecompiledWeb\localhost_57211\"
		Release.AspNetCompiler.Updateable = "true"
		Release.AspNetCompiler.ForceOverwrite = "true"
		Release.AspNetCompiler.FixedNames = "false"
		Release.AspNetCompiler.Debug = "False"
		VWDPort = "57211"
		SlnRelativePath = "CineKalyoncuSon\"
		DefaultWebSiteLanguage = "Visual C#"
	EndProjectSection
EndProject
Global
	GlobalSection(SolutionConfigurationPlatforms) = preSolution
		Debug|Any CPU = Debug|Any CPU
	EndGlobalSection
	GlobalSection(ProjectConfigurationPlatforms) = postSolution
		{5B492FE0-B142-4CAC-A49B-78F2AF4713BE}.Debug|Any CPU.ActiveCfg = Debug|Any CPU
		{5B492FE0-B142-4CAC-A49B-78F2AF4713BE}.Debug|Any CPU.Build.0 = Debug|Any CPU
	EndGlobalSection
	GlobalSection(SolutionProperties) = preSolution
		HideSolutionNode = FALSE
	EndGlobalSection
	GlobalSection(ExtensibilityGlobals) = postSolution
		SolutionGuid = {0548E404-C868-406B-8A49-A5A09386478D}
	EndGlobalSection
EndGlobal
